
Microsoft Visual Studio Solution File, Format Version 12.00
# Visual Studio Version 17
VisualStudioVersion = 17.4.33110.190
MinimumVisualStudioVersion = 10.0.40219.1
Project("{FAE04EC0-301F-11D3-BF4B-00C04F79EFBC}") = "MohaliProperty.Web", "MohaliProperty.Web\MohaliProperty.Web.csproj", "{4AAAA510-8901-4730-BE36-46243FB0748D}"
EndProject
Project("{FAE04EC0-301F-11D3-BF4B-00C04F79EFBC}") = "MohaliProperty.Model", "MohaliProperty.Model\MohaliProperty.Model.csproj", "{1AFB549D-B38D-42AC-82FB-076ECFEAB2BC}"
EndProject
Project("{FAE04EC0-301F-11D3-BF4B-00C04F79EFBC}") = "MohaliProperty.Api", "MohaliProperty.Api\MohaliProperty.Api.csproj", "{23375996-5C77-4363-844C-15786BE39C5E}"
EndProject
Global
	GlobalSection(SolutionConfigurationPlatforms) = preSolution
		Debug|Any CPU = Debug|Any CPU
		Release|Any CPU = Release|Any CPU
	EndGlobalSection
	GlobalSection(ProjectConfigurationPlatforms) = postSolution
		{4AAAA510-8901-4730-BE36-46243FB0748D}.Debug|Any CPU.ActiveCfg = Debug|Any CPU
		{4AAAA510-8901-4730-BE36-46243FB0748D}.Debug|Any CPU.Build.0 = Debug|Any CPU
		{4AAAA510-8901-4730-BE36-46243FB0748D}.Release|Any CPU.ActiveCfg = Release|Any CPU
		{4AAAA510-8901-4730-BE36-46243FB0748D}.Release|Any CPU.Build.0 = Release|Any CPU
		{1AFB549D-B38D-42AC-82FB-076ECFEAB2BC}.Debug|Any CPU.ActiveCfg = Debug|Any CPU
		{1AFB549D-B38D-42AC-82FB-076ECFEAB2BC}.Debug|Any CPU.Build.0 = Debug|Any CPU
		{1AFB549D-B38D-42AC-82FB-076ECFEAB2BC}.Release|Any CPU.ActiveCfg = Release|Any CPU
		{1AFB549D-B38D-42AC-82FB-076ECFEAB2BC}.Release|Any CPU.Build.0 = Release|Any CPU
		{23375996-5C77-4363-844C-15786BE39C5E}.Debug|Any CPU.ActiveCfg = Debug|Any CPU
		{23375996-5C77-4363-844C-15786BE39C5E}.Debug|Any CPU.Build.0 = Debug|Any CPU
		{23375996-5C77-4363-844C-15786BE39C5E}.Release|Any CPU.ActiveCfg = Release|Any CPU
		{23375996-5C77-4363-844C-15786BE39C5E}.Release|Any CPU.Build.0 = Release|Any CPU
	EndGlobalSection
	GlobalSection(SolutionProperties) = preSolution
		HideSolutionNode = FALSE
	EndGlobalSection
	GlobalSection(ExtensibilityGlobals) = postSolution
		SolutionGuid = {F39DE2A1-D36D-4AEE-A71E-03BCF9123AAD}
	EndGlobalSection
EndGlobal
